
Microsoft Visual Studio Solution File, Format Version 12.00
# Visual Studio Version 17
VisualStudioVersion = 17.7.34221.43
MinimumVisualStudioVersion = 10.0.40219.1
Project("{FAE04EC0-301F-11D3-BF4B-00C04F79EFBC}") = "Electronics_store_db_wpf", "Electronics_store_db_wpf\Electronics_store_db_wpf.csproj", "{26049C2B-9368-485F-B8F2-FAC70FF5DA5A}"
EndProject
Global
	GlobalSection(SolutionConfigurationPlatforms) = preSolution
		Debug|Any CPU = Debug|Any CPU
		Release|Any CPU = Release|Any CPU
	EndGlobalSection
	GlobalSection(ProjectConfigurationPlatforms) = postSolution
		{26049C2B-9368-485F-B8F2-FAC70FF5DA5A}.Debug|Any CPU.ActiveCfg = Debug|Any CPU
		{26049C2B-9368-485F-B8F2-FAC70FF5DA5A}.Debug|Any CPU.Build.0 = Debug|Any CPU
		{26049C2B-9368-485F-B8F2-FAC70FF5DA5A}.Release|Any CPU.ActiveCfg = Release|Any CPU
		{26049C2B-9368-485F-B8F2-FAC70FF5DA5A}.Release|Any CPU.Build.0 = Release|Any CPU
	EndGlobalSection
	GlobalSection(SolutionProperties) = preSolution
		HideSolutionNode = FALSE
	EndGlobalSection
	GlobalSection(ExtensibilityGlobals) = postSolution
		SolutionGuid = {18BFFB3C-B906-430D-971A-DB4E46953023}
	EndGlobalSection
EndGlobal
